
Microsoft Visual Studio Solution File, Format Version 12.00
# Visual Studio 15
VisualStudioVersion = 15.0.27130.2036
MinimumVisualStudioVersion = 10.0.40219.1
Project("{FAE04EC0-301F-11D3-BF4B-00C04F79EFBC}") = "VehicleService", "VehicleService\VehicleService.csproj", "{EBB3A038-6E9A-4D81-B2C6-FD457D470762}"
EndProject
Project("{FAE04EC0-301F-11D3-BF4B-00C04F79EFBC}") = "DemoLibrary.AutomatedTests", "DemoLibrary.AutomatedTests\DemoLibrary.AutomatedTests.csproj", "{1F8814F3-8298-475C-94AB-1AFE23864535}"
EndProject
Global
	GlobalSection(SolutionConfigurationPlatforms) = preSolution
		Debug|Any CPU = Debug|Any CPU
		Release|Any CPU = Release|Any CPU
	EndGlobalSection
	GlobalSection(ProjectConfigurationPlatforms) = postSolution
		{EBB3A038-6E9A-4D81-B2C6-FD457D470762}.Debug|Any CPU.ActiveCfg = Debug|Any CPU
		{EBB3A038-6E9A-4D81-B2C6-FD457D470762}.Debug|Any CPU.Build.0 = Debug|Any CPU
		{EBB3A038-6E9A-4D81-B2C6-FD457D470762}.Release|Any CPU.ActiveCfg = Release|Any CPU
		{EBB3A038-6E9A-4D81-B2C6-FD457D470762}.Release|Any CPU.Build.0 = Release|Any CPU
		{1F8814F3-8298-475C-94AB-1AFE23864535}.Debug|Any CPU.ActiveCfg = Debug|Any CPU
		{1F8814F3-8298-475C-94AB-1AFE23864535}.Debug|Any CPU.Build.0 = Debug|Any CPU
		{1F8814F3-8298-475C-94AB-1AFE23864535}.Release|Any CPU.ActiveCfg = Release|Any CPU
		{1F8814F3-8298-475C-94AB-1AFE23864535}.Release|Any CPU.Build.0 = Release|Any CPU
	EndGlobalSection
	GlobalSection(SolutionProperties) = preSolution
		HideSolutionNode = FALSE
	EndGlobalSection
	GlobalSection(ExtensibilityGlobals) = postSolution
		SolutionGuid = {36F8BF9A-E7F1-4ECE-A1B9-4BBE08CE3F12}
	EndGlobalSection
EndGlobal
